
Microsoft Visual Studio Solution File, Format Version 12.00
# Visual Studio Version 17
VisualStudioVersion = 17.0.31903.59
MinimumVisualStudioVersion = 10.0.40219.1
Project("{2150E333-8FDC-42A3-9474-1A3956D46DE8}") = "day5", "day5", "{2B5399AB-9047-4FBE-ABD7-16428DBC11D7}"
EndProject
Project("{FAE04EC0-301F-11D3-BF4B-00C04F79EFBC}") = "AoC2024.Day5.Test", "day5\AoC2024.Day5.Test\AoC2024.Day5.Test.csproj", "{B505CCBA-80CB-4D69-95A4-A89104FCC63E}"
EndProject
Project("{FAE04EC0-301F-11D3-BF4B-00C04F79EFBC}") = "AoC2024.Day5", "day5\AoC2024.Day5\AoC2024.Day5.csproj", "{C6885DD8-7A6A-4838-BD30-532675F55035}"
EndProject
Global
	GlobalSection(SolutionConfigurationPlatforms) = preSolution
		Debug|Any CPU = Debug|Any CPU
		Release|Any CPU = Release|Any CPU
	EndGlobalSection
	GlobalSection(SolutionProperties) = preSolution
		HideSolutionNode = FALSE
	EndGlobalSection
	GlobalSection(ProjectConfigurationPlatforms) = postSolution
		{B505CCBA-80CB-4D69-95A4-A89104FCC63E}.Debug|Any CPU.ActiveCfg = Debug|Any CPU
		{B505CCBA-80CB-4D69-95A4-A89104FCC63E}.Debug|Any CPU.Build.0 = Debug|Any CPU
		{B505CCBA-80CB-4D69-95A4-A89104FCC63E}.Release|Any CPU.ActiveCfg = Release|Any CPU
		{B505CCBA-80CB-4D69-95A4-A89104FCC63E}.Release|Any CPU.Build.0 = Release|Any CPU
		{C6885DD8-7A6A-4838-BD30-532675F55035}.Debug|Any CPU.ActiveCfg = Debug|Any CPU
		{C6885DD8-7A6A-4838-BD30-532675F55035}.Debug|Any CPU.Build.0 = Debug|Any CPU
		{C6885DD8-7A6A-4838-BD30-532675F55035}.Release|Any CPU.ActiveCfg = Release|Any CPU
		{C6885DD8-7A6A-4838-BD30-532675F55035}.Release|Any CPU.Build.0 = Release|Any CPU
	EndGlobalSection
	GlobalSection(NestedProjects) = preSolution
		{B505CCBA-80CB-4D69-95A4-A89104FCC63E} = {2B5399AB-9047-4FBE-ABD7-16428DBC11D7}
		{C6885DD8-7A6A-4838-BD30-532675F55035} = {2B5399AB-9047-4FBE-ABD7-16428DBC11D7}
	EndGlobalSection
EndGlobal
