
Microsoft Visual Studio Solution File, Format Version 12.00
Project("{FAE04EC0-301F-11D3-BF4B-00C04F79EFBC}") = "AoC2015", "AoC2015\AoC2015.csproj", "{66B43E17-73B5-43E5-9F2F-6A9BE700FCB2}"
EndProject
Project("{FAE04EC0-301F-11D3-BF4B-00C04F79EFBC}") = "AoC2015.Tests", "AoC2015.Tests\AoC2015.Tests.csproj", "{0E0C889D-EB7E-4E03-A3E7-9CD4354D0AB7}"
EndProject
Project("{FAE04EC0-301F-11D3-BF4B-00C04F79EFBC}") = "AoC2015.Benchmarks", "AoC2015.Benchmarks\AoC2015.Benchmarks.csproj", "{69DD8711-4FBA-4004-8CD0-636D5369BA5C}"
EndProject
Project("{2150E333-8FDC-42A3-9474-1A3956D46DE8}") = "2015", "2015", "{E617AEE6-C735-41A0-9A8F-C668A800A59B}"
EndProject
Project("{2150E333-8FDC-42A3-9474-1A3956D46DE8}") = "_Solution Items", "_Solution Items", "{C4D50ED2-F103-4FDB-9A3D-69B112998C6B}"
	ProjectSection(SolutionItems) = preProject
		.editorconfig = .editorconfig
		.gitignore = .gitignore
		Directory.Build.props = Directory.Build.props
		Directory.Packages.props = Directory.Packages.props
	EndProjectSection
EndProject
Project("{FAE04EC0-301F-11D3-BF4B-00C04F79EFBC}") = "Shared", "Shared\Shared.csproj", "{3E3B8123-5AA2-4ECC-8815-AD806A10DDF6}"
EndProject
Project("{2150E333-8FDC-42A3-9474-1A3956D46DE8}") = "2025", "2025", "{A012F775-621F-492F-B8DA-88BD216A75F2}"
EndProject
Project("{FAE04EC0-301F-11D3-BF4B-00C04F79EFBC}") = "AoC2025", "AoC2025\AoC2025.csproj", "{81ADB213-F489-43E7-B566-CD08DBB566E1}"
EndProject
Project("{FAE04EC0-301F-11D3-BF4B-00C04F79EFBC}") = "AoC2025.Tests", "AoC2025.Tests\AoC2025.Tests.csproj", "{1A7724B1-F930-409E-9E5E-3B13FA561090}"
EndProject
Project("{FAE04EC0-301F-11D3-BF4B-00C04F79EFBC}") = "AoC2025.Benchmarks", "AoC2025.Benchmarks\AoC2025.Benchmarks.csproj", "{8EA48699-31B6-4659-94B0-84C22C00A01A}"
EndProject
Global
	GlobalSection(SolutionConfigurationPlatforms) = preSolution
		Debug|Any CPU = Debug|Any CPU
		Release|Any CPU = Release|Any CPU
	EndGlobalSection
	GlobalSection(ProjectConfigurationPlatforms) = postSolution
		{66B43E17-73B5-43E5-9F2F-6A9BE700FCB2}.Debug|Any CPU.ActiveCfg = Debug|Any CPU
		{66B43E17-73B5-43E5-9F2F-6A9BE700FCB2}.Debug|Any CPU.Build.0 = Debug|Any CPU
		{66B43E17-73B5-43E5-9F2F-6A9BE700FCB2}.Release|Any CPU.ActiveCfg = Release|Any CPU
		{66B43E17-73B5-43E5-9F2F-6A9BE700FCB2}.Release|Any CPU.Build.0 = Release|Any CPU
		{0E0C889D-EB7E-4E03-A3E7-9CD4354D0AB7}.Debug|Any CPU.ActiveCfg = Debug|Any CPU
		{0E0C889D-EB7E-4E03-A3E7-9CD4354D0AB7}.Debug|Any CPU.Build.0 = Debug|Any CPU
		{0E0C889D-EB7E-4E03-A3E7-9CD4354D0AB7}.Release|Any CPU.ActiveCfg = Release|Any CPU
		{0E0C889D-EB7E-4E03-A3E7-9CD4354D0AB7}.Release|Any CPU.Build.0 = Release|Any CPU
		{69DD8711-4FBA-4004-8CD0-636D5369BA5C}.Debug|Any CPU.ActiveCfg = Debug|Any CPU
		{69DD8711-4FBA-4004-8CD0-636D5369BA5C}.Debug|Any CPU.Build.0 = Debug|Any CPU
		{69DD8711-4FBA-4004-8CD0-636D5369BA5C}.Release|Any CPU.ActiveCfg = Release|Any CPU
		{69DD8711-4FBA-4004-8CD0-636D5369BA5C}.Release|Any CPU.Build.0 = Release|Any CPU
		{3E3B8123-5AA2-4ECC-8815-AD806A10DDF6}.Debug|Any CPU.ActiveCfg = Debug|Any CPU
		{3E3B8123-5AA2-4ECC-8815-AD806A10DDF6}.Debug|Any CPU.Build.0 = Debug|Any CPU
		{3E3B8123-5AA2-4ECC-8815-AD806A10DDF6}.Release|Any CPU.ActiveCfg = Release|Any CPU
		{3E3B8123-5AA2-4ECC-8815-AD806A10DDF6}.Release|Any CPU.Build.0 = Release|Any CPU
		{81ADB213-F489-43E7-B566-CD08DBB566E1}.Debug|Any CPU.ActiveCfg = Debug|Any CPU
		{81ADB213-F489-43E7-B566-CD08DBB566E1}.Debug|Any CPU.Build.0 = Debug|Any CPU
		{81ADB213-F489-43E7-B566-CD08DBB566E1}.Release|Any CPU.ActiveCfg = Release|Any CPU
		{81ADB213-F489-43E7-B566-CD08DBB566E1}.Release|Any CPU.Build.0 = Release|Any CPU
		{1A7724B1-F930-409E-9E5E-3B13FA561090}.Debug|Any CPU.ActiveCfg = Debug|Any CPU
		{1A7724B1-F930-409E-9E5E-3B13FA561090}.Debug|Any CPU.Build.0 = Debug|Any CPU
		{1A7724B1-F930-409E-9E5E-3B13FA561090}.Release|Any CPU.ActiveCfg = Release|Any CPU
		{1A7724B1-F930-409E-9E5E-3B13FA561090}.Release|Any CPU.Build.0 = Release|Any CPU
		{8EA48699-31B6-4659-94B0-84C22C00A01A}.Debug|Any CPU.ActiveCfg = Debug|Any CPU
		{8EA48699-31B6-4659-94B0-84C22C00A01A}.Debug|Any CPU.Build.0 = Debug|Any CPU
		{8EA48699-31B6-4659-94B0-84C22C00A01A}.Release|Any CPU.ActiveCfg = Release|Any CPU
		{8EA48699-31B6-4659-94B0-84C22C00A01A}.Release|Any CPU.Build.0 = Release|Any CPU
	EndGlobalSection
	GlobalSection(NestedProjects) = preSolution
		{66B43E17-73B5-43E5-9F2F-6A9BE700FCB2} = {E617AEE6-C735-41A0-9A8F-C668A800A59B}
		{69DD8711-4FBA-4004-8CD0-636D5369BA5C} = {E617AEE6-C735-41A0-9A8F-C668A800A59B}
		{0E0C889D-EB7E-4E03-A3E7-9CD4354D0AB7} = {E617AEE6-C735-41A0-9A8F-C668A800A59B}
		{81ADB213-F489-43E7-B566-CD08DBB566E1} = {A012F775-621F-492F-B8DA-88BD216A75F2}
		{1A7724B1-F930-409E-9E5E-3B13FA561090} = {A012F775-621F-492F-B8DA-88BD216A75F2}
		{8EA48699-31B6-4659-94B0-84C22C00A01A} = {A012F775-621F-492F-B8DA-88BD216A75F2}
	EndGlobalSection
EndGlobal
